// !$*UTF8*$!
{
	archiveVersion = 1;
	classes = {
	};
	objectVersion = 46;
	objects = {

/* Begin PBXBuildFile section */
		888865B31D1875860098EB7C /* AppDelegate.swift in Sources */ = {isa = PBXBuildFile; fileRef = 888865B21D1875860098EB7C /* AppDelegate.swift */; };
		888865B81D1875860098EB7C /* Main.storyboard in Resources */ = {isa = PBXBuildFile; fileRef = 888865B61D1875860098EB7C /* Main.storyboard */; };
		888865BA1D1875860098EB7C /* Assets.xcassets in Resources */ = {isa = PBXBuildFile; fileRef = 888865B91D1875860098EB7C /* Assets.xcassets */; };
		888865BD1D1875860098EB7C /* LaunchScreen.storyboard in Resources */ = {isa = PBXBuildFile; fileRef = 888865BB1D1875860098EB7C /* LaunchScreen.storyboard */; };
		888865C51D1875F50098EB7C /* TableViewController.swift in Sources */ = {isa = PBXBuildFile; fileRef = 888865C41D1875F50098EB7C /* TableViewController.swift */; };
		888865C71D187A800098EB7C /* DataItem2.swift in Sources */ = {isa = PBXBuildFile; fileRef = 888865C61D187A800098EB7C /* DataItem2.swift */; };
/* End PBXBuildFile section */

/* Begin PBXFileReference section */
		888865AF1D1875860098EB7C /* TableViewTask.app */ = {isa = PBXFileReference; explicitFileType = wrapper.application; includeInIndex = 0; path = TableViewTask.app; sourceTree = BUILT_PRODUCTS_DIR; };
		888865B21D1875860098EB7C /* AppDelegate.swift */ = {isa = PBXFileReference; lastKnownFileType = sourcecode.swift; path = AppDelegate.swift; sourceTree = "<group>"; };
		888865B71D1875860098EB7C /* Base */ = {isa = PBXFileReference; lastKnownFileType = file.storyboard; name = Base; path = Base.lproj/Main.storyboard; sourceTree = "<group>"; };
		888865B91D1875860098EB7C /* Assets.xcassets */ = {isa = PBXFileReference; lastKnownFileType = folder.assetcatalog; path = Assets.xcassets; sourceTree = "<group>"; };
		888865BC1D1875860098EB7C /* Base */ = {isa = PBXFileReference; lastKnownFileType = file.storyboard; name = Base; path = Base.lproj/LaunchScreen.storyboard; sourceTree = "<group>"; };
		888865BE1D1875860098EB7C /* Info.plist */ = {isa = PBXFileReference; lastKnownFileType = text.plist.xml; path = Info.plist; sourceTree = "<group>"; };
		888865C41D1875F50098EB7C /* TableViewController.swift */ = {isa = PBXFileReference; fileEncoding = 4; lastKnownFileType = sourcecode.swift; name = TableViewController.swift; path = ../TableViewController.swift; sourceTree = "<group>"; };
		888865C61D187A800098EB7C /* DataItem2.swift */ = {isa = PBXFileReference; fileEncoding = 4; lastKnownFileType = sourcecode.swift; path = DataItem2.swift; sourceTree = "<group>"; };
/* End PBXFileReference section */

/* Begin PBXFrameworksBuildPhase section */
		888865AC1D1875860098EB7C /* Frameworks */ = {
			isa = PBXFrameworksBuildPhase;
			buildActionMask = 2147483647;
			files = (
			);
			runOnlyForDeploymentPostprocessing = 0;
		};
/* End PBXFrameworksBuildPhase section */

/* Begin PBXGroup section */
		888865A61D1875860098EB7C = {
			isa = PBXGroup;
			children = (
				888865B11D1875860098EB7C /* TableViewTask */,
				888865B01D1875860098EB7C /* Products */,
			);
			sourceTree = "<group>";
		};
		888865B01D1875860098EB7C /* Products */ = {
			isa = PBXGroup;
			children = (
				888865AF1D1875860098EB7C /* TableViewTask.app */,
			);
			name = Products;
			sourceTree = "<group>";
		};
		888865B11D1875860098EB7C /* TableViewTask */ = {
			isa = PBXGroup;
			children = (
				888865B21D1875860098EB7C /* AppDelegate.swift */,
				888865B61D1875860098EB7C /* Main.storyboard */,
				888865C61D187A800098EB7C /* DataItem2.swift */,
				888865C41D1875F50098EB7C /* TableViewController.swift */,
				888865B91D1875860098EB7C /* Assets.xcassets */,
				888865BB1D1875860098EB7C /* LaunchScreen.storyboard */,
				888865BE1D1875860098EB7C /* Info.plist */,
			);
			path = TableViewTask;
			sourceTree = "<group>";
		};
/* End PBXGroup section */

/* Begin PBXNativeTarget section */
		888865AE1D1875860098EB7C /* TableViewTask */ = {
			isa = PBXNativeTarget;
			buildConfigurationList = 888865C11D1875860098EB7C /* Build configuration list for PBXNativeTarget "TableViewTask" */;
			buildPhases = (
				888865AB1D1875860098EB7C /* Sources */,
				888865AC1D1875860098EB7C /* Frameworks */,
				888865AD1D1875860098EB7C /* Resources */,
			);
			buildRules = (
			);
			dependencies = (
			);
			name = TableViewTask;
			productName = TableViewTask;
			productReference = 888865AF1D1875860098EB7C /* TableViewTask.app */;
			productType = "com.apple.product-type.application";
		};
/* End PBXNativeTarget section */

/* Begin PBXProject section */
		888865A71D1875860098EB7C /* Project object */ = {
			isa = PBXProject;
			attributes = {
				LastSwiftUpdateCheck = 0730;
				LastUpgradeCheck = 0730;
				ORGANIZATIONNAME = "Lamond Dixon";
				TargetAttributes = {
					888865AE1D1875860098EB7C = {
						CreatedOnToolsVersion = 7.3.1;
					};
				};
			};
			buildConfigurationList = 888865AA1D1875860098EB7C /* Build configuration list for PBXProject "TableViewTask" */;
			compatibilityVersion = "Xcode 3.2";
			developmentRegion = English;
			hasScannedForEncodings = 0;
			knownRegions = (
				en,
				Base,
			);
			mainGroup = 888865A61D1875860098EB7C;
			productRefGroup = 888865B01D1875860098EB7C /* Products */;
			projectDirPath = "";
			projectRoot = "";
			targets = (
				888865AE1D1875860098EB7C /* TableViewTask */,
			);
		};
/* End PBXProject section */

/* Begin PBXResourcesBuildPhase section */
		888865AD1D1875860098EB7C /* Resources */ = {
			isa = PBXResourcesBuildPhase;
			buildActionMask = 2147483647;
			files = (
				888865BD1D1875860098EB7C /* LaunchScreen.storyboard in Resources */,
				888865BA1D1875860098EB7C /* Assets.xcassets in Resources */,
				888865B81D1875860098EB7C /* Main.storyboard in Resources */,
			);
			runOnlyForDeploymentPostprocessing = 0;
		};
/* End PBXResourcesBuildPhase section */

/* Begin PBXSourcesBuildPhase section */
		888865AB1D1875860098EB7C /* Sources */ = {
			isa = PBXSourcesBuildPhase;
			buildActionMask = 2147483647;
			files = (
				888865B31D1875860098EB7C /* AppDelegate.swift in Sources */,
				888865C51D1875F50098EB7C /* TableViewController.swift in Sources */,
				888865C71D187A800098EB7C /* DataItem2.swift in Sources */,
			);
			runOnlyForDeploymentPostprocessing = 0;
		};
/* End PBXSourcesBuildPhase section */

/* Begin PBXVariantGroup section */
		888865B61D1875860098EB7C /* Main.storyboard */ = {
			isa = PBXVariantGroup;
			children = (
				888865B71D1875860098EB7C /* Base */,
			);
			name = Main.storyboard;
			sourceTree = "<group>";
		};
		888865BB1D1875860098EB7C /* LaunchScreen.storyboard */ = {
			isa = PBXVariantGroup;
			children = (
				888865BC1D1875860098EB7C /* Base */,
			);
			name = LaunchScreen.storyboard;
			sourceTree = "<group>";
		};
/* End PBXVariantGroup section */

/* Begin XCBuildConfiguration section */
		888865BF1D1875860098EB7C /* Debug */ = {
			isa = XCBuildConfiguration;
			buildSettings = {
				ALWAYS_SEARCH_USER_PATHS = NO;
				CLANG_ANALYZER_NONNULL = YES;
				CLANG_CXX_LANGUAGE_STANDARD = "gnu++0x";
				CLANG_CXX_LIBRARY = "libc++";
				CLANG_ENABLE_MODULES = YES;
				CLANG_ENABLE_OBJC_ARC = YES;
				CLANG_WARN_BOOL_CONVERSION = YES;
				CLANG_WARN_CONSTANT_CONVERSION = YES;
				CLANG_WARN_DIRECT_OBJC_ISA_USAGE = YES_ERROR;
				CLANG_WARN_EMPTY_BODY = YES;
				CLANG_WARN_ENUM_CONVERSION = YES;
				CLANG_WARN_INT_CONVERSION = YES;
				CLANG_WARN_OBJC_ROOT_CLASS = YES_ERROR;
				CLANG_WARN_UNREACHABLE_CODE = YES;
				CLANG_WARN__DUPLICATE_METHOD_MATCH = YES;
				"CODE_SIGN_IDENTITY[sdk=iphoneos*]" = "iPhone Developer";
				COPY_PHASE_STRIP = NO;
				DEBUG_INFORMATION_FORMAT = dwarf;
				ENABLE_STRICT_OBJC_MSGSEND = YES;
				ENABLE_TESTABILITY = YES;
				GCC_C_LANGUAGE_STANDARD = gnu99;
				GCC_DYNAMIC_NO_PIC = NO;
				GCC_NO_COMMON_BLOCKS = YES;
				GCC_OPTIMIZATION_LEVEL = 0;
				GCC_PREPROCESSOR_DEFINITIONS = (
					"DEBUG=1",
					"$(inherited)",
				);
				GCC_WARN_64_TO_32_BIT_CONVERSION = YES;
				GCC_WARN_ABOUT_RETURN_TYPE = YES_ERROR;
				GCC_WARN_UNDECLARED_SELECTOR = YES;
				GCC_WARN_UNINITIALIZED_AUTOS = YES_AGGRESSIVE;
				GCC_WARN_UNUSED_FUNCTION = YES;
				GCC_WARN_UNUSED_VARIABLE = YES;
				IPHONEOS_DEPLOYMENT_TARGET = 9.3;
				MTL_ENABLE_DEBUG_INFO = YES;
				ONLY_ACTIVE_ARCH = YES;
				SDKROOT = iphoneos;
				SWIFT_OPTIMIZATION_LEVEL = "-Onone";
				TARGETED_DEVICE_FAMILY = "1,2";
			};
			name = Debug;
		};
		888865C01D1875860098EB7C /* Release */ = {
			isa = XCBuildConfiguration;
			buildSettings = {
				ALWAYS_SEARCH_USER_PATHS = NO;
				CLANG_ANALYZER_NONNULL = YES;
				CLANG_CXX_LANGUAGE_STANDARD = "gnu++0x";
				CLANG_CXX_LIBRARY = "libc++";
				CLANG_ENABLE_MODULES = YES;
				CLANG_ENABLE_OBJC_ARC = YES;
				CLANG_WARN_BOOL_CONVERSION = YES;
				CLANG_WARN_CONSTANT_CONVERSION = YES;
				CLANG_WARN_DIRECT_OBJC_ISA_USAGE = YES_ERROR;
				CLANG_WARN_EMPTY_BODY = YES;
				CLANG_WARN_ENUM_CONVERSION = YES;
				CLANG_WARN_INT_CONVERSION = YES;
				CLANG_WARN_OBJC_ROOT_CLASS = YES_ERROR;
				CLANG_WARN_UNREACHABLE_CODE = YES;
				CLANG_WARN__DUPLICATE_METHOD_MATCH = YES;
				"CODE_SIGN_IDENTITY[sdk=iphoneos*]" = "iPhone Developer";
				COPY_PHASE_STRIP = NO;
				DEBUG_INFORMATION_FORMAT = "dwarf-with-dsym";
				ENABLE_NS_ASSERTIONS = NO;
				ENABLE_STRICT_OBJC_MSGSEND = YES;
				GCC_C_LANGUAGE_STANDARD = gnu99;
				GCC_NO_COMMON_BLOCKS = YES;
				GCC_WARN_64_TO_32_BIT_CONVERSION = YES;
				GCC_WARN_ABOUT_RETURN_TYPE = YES_ERROR;
				GCC_WARN_UNDECLARED_SELECTOR = YES;
				GCC_WARN_UNINITIALIZED_AUTOS = YES_AGGRESSIVE;
				GCC_WARN_UNUSED_FUNCTION = YES;
				GCC_WARN_UNUSED_VARIABLE = YES;
				IPHONEOS_DEPLOYMENT_TARGET = 9.3;
				MTL_ENABLE_DEBUG_INFO = NO;
				SDKROOT = iphoneos;
				TARGETED_DEVICE_FAMILY = "1,2";
				VALIDATE_PRODUCT = YES;
			};
			name = Release;
		};
		888865C21D1875860098EB7C /* Debug */ = {
			isa = XCBuildConfiguration;
			buildSettings = {
				ASSETCATALOG_COMPILER_APPICON_NAME = AppIcon;
				INFOPLIST_FILE = TableViewTask/Info.plist;
				LD_RUNPATH_SEARCH_PATHS = "$(inherited) @executable_path/Frameworks";
				PRODUCT_BUNDLE_IDENTIFIER = dixonlamond.TableViewTask;
				PRODUCT_NAME = "$(TARGET_NAME)";
			};
			name = Debug;
		};
		888865C31D1875860098EB7C /* Release */ = {
			isa = XCBuildConfiguration;
			buildSettings = {
				ASSETCATALOG_COMPILER_APPICON_NAME = AppIcon;
				INFOPLIST_FILE = TableViewTask/Info.plist;
				LD_RUNPATH_SEARCH_PATHS = "$(inherited) @executable_path/Frameworks";
				PRODUCT_BUNDLE_IDENTIFIER = dixonlamond.TableViewTask;
				PRODUCT_NAME = "$(TARGET_NAME)";
			};
			name = Release;
		};
/* End XCBuildConfiguration section */

/* Begin XCConfigurationList section */
		888865AA1D1875860098EB7C /* Build configuration list for PBXProject "TableViewTask" */ = {
			isa = XCConfigurationList;
			buildConfigurations = (
				888865BF1D1875860098EB7C /* Debug */,
				888865C01D1875860098EB7C /* Release */,
			);
			defaultConfigurationIsVisible = 0;
			defaultConfigurationName = Release;
		};
		888865C11D1875860098EB7C /* Build configuration list for PBXNativeTarget "TableViewTask" */ = {
			isa = XCConfigurationList;
			buildConfigurations = (
				888865C21D1875860098EB7C /* Debug */,
				888865C31D1875860098EB7C /* Release */,
			);
			defaultConfigurationIsVisible = 0;
			defaultConfigurationName = Release;
		};
/* End XCConfigurationList section */
	};
	rootObject = 888865A71D1875860098EB7C /* Project object */;
}
